GEM
  remote: https://rubygems.org/
  specs:
    language_server-protocol (3.17.0.5)
    logger (1.7.0)
    prism (1.9.0)
    rbs (4.0.2)
      logger
      prism (>= 1.6.0)
      tsort
    ruby-lsp (0.26.9)
      language_server-protocol (~> 3.17.0)
      prism (>= 1.2, < 2.0)
      rbs (>= 3, < 5)
    tsort (0.2.0)

PLATFORMS
  ruby
  x86_64-linux

DEPENDENCIES
  ruby-lsp (~> 0.26.9)

RUBY VERSION
   ruby 3.4.7p58

BUNDLED WITH
   2.6.9
